
Microsoft Visual Studio Solution File, Format Version 12.00
# Visual Studio Version 17
VisualStudioVersion = 17.0.31903.59
MinimumVisualStudioVersion = 10.0.40219.1
Project("{FAE04EC0-301F-11D3-BF4B-00C04F79EFBC}") = "RavenDB.TestRunner.McpServer.Core.Abstractions", "src\RavenDB.TestRunner.McpServer.Core.Abstractions\RavenDB.TestRunner.McpServer.Core.Abstractions.csproj", "{DC01E17B-C19E-4584-BEB1-D3DE74202686}"
EndProject
Project("{FAE04EC0-301F-11D3-BF4B-00C04F79EFBC}") = "RavenDB.TestRunner.McpServer.Domain", "src\RavenDB.TestRunner.McpServer.Domain\RavenDB.TestRunner.McpServer.Domain.csproj", "{E45DEA48-B4F6-4609-84D9-3AC83FCA29F0}"
EndProject
Project("{FAE04EC0-301F-11D3-BF4B-00C04F79EFBC}") = "RavenDB.TestRunner.McpServer.Shared.Contracts", "src\RavenDB.TestRunner.McpServer.Shared.Contracts\RavenDB.TestRunner.McpServer.Shared.Contracts.csproj", "{9F52A023-D5B8-4BD8-B640-E7F8B0DA0F62}"
EndProject
Project("{FAE04EC0-301F-11D3-BF4B-00C04F79EFBC}") = "RavenDB.TestRunner.McpServer.Artifacts", "src\RavenDB.TestRunner.McpServer.Artifacts\RavenDB.TestRunner.McpServer.Artifacts.csproj", "{F3A2C2C2-06C2-4D16-8B06-A547D580C0A4}"
EndProject
Project("{FAE04EC0-301F-11D3-BF4B-00C04F79EFBC}") = "RavenDB.TestRunner.McpServer.Storage.RavenEmbedded", "src\RavenDB.TestRunner.McpServer.Storage.RavenEmbedded\RavenDB.TestRunner.McpServer.Storage.RavenEmbedded.csproj", "{D72C79CB-5FB5-4F54-A845-2B0F9ADAF941}"
EndProject
Project("{FAE04EC0-301F-11D3-BF4B-00C04F79EFBC}") = "RavenDB.TestRunner.McpServer.Storage.RavenEmbedded.Tests", "tests\RavenDB.TestRunner.McpServer.Storage.RavenEmbedded.Tests\RavenDB.TestRunner.McpServer.Storage.RavenEmbedded.Tests.csproj", "{4F8D85D3-B1B4-4500-AD3E-B02845C21A6B}"
EndProject
Project("{2150E333-8FDC-42A3-9474-1A3956D46DE8}") = "src", "src", "{827E0CD3-B72D-47B6-A68D-7590B98EB39B}"
EndProject
Project("{FAE04EC0-301F-11D3-BF4B-00C04F79EFBC}") = "RavenDB.TestRunner.McpServer.Semantics.Abstractions", "src\RavenDB.TestRunner.McpServer.Semantics.Abstractions\RavenDB.TestRunner.McpServer.Semantics.Abstractions.csproj", "{D91141E2-841E-4823-8DED-1B8BC92E193E}"
EndProject
Project("{FAE04EC0-301F-11D3-BF4B-00C04F79EFBC}") = "RavenDB.TestRunner.McpServer.Semantics.Raven.V62", "src\RavenDB.TestRunner.McpServer.Semantics.Raven.V62\RavenDB.TestRunner.McpServer.Semantics.Raven.V62.csproj", "{97978520-116A-4230-8826-AF16920A58F8}"
EndProject
Project("{FAE04EC0-301F-11D3-BF4B-00C04F79EFBC}") = "RavenDB.TestRunner.McpServer.Semantics.Raven.V71", "src\RavenDB.TestRunner.McpServer.Semantics.Raven.V71\RavenDB.TestRunner.McpServer.Semantics.Raven.V71.csproj", "{92329CE3-4EF6-46D1-A0EC-F9012A3FA7D0}"
EndProject
Project("{FAE04EC0-301F-11D3-BF4B-00C04F79EFBC}") = "RavenDB.TestRunner.McpServer.Semantics.Raven.V72", "src\RavenDB.TestRunner.McpServer.Semantics.Raven.V72\RavenDB.TestRunner.McpServer.Semantics.Raven.V72.csproj", "{C978E019-7B5B-4950-9C75-FC2C1CF5E03E}"
EndProject
Project("{2150E333-8FDC-42A3-9474-1A3956D46DE8}") = "tests", "tests", "{0AB3BF05-4346-4AA6-1389-037BE0695223}"
EndProject
Project("{FAE04EC0-301F-11D3-BF4B-00C04F79EFBC}") = "RavenDB.TestRunner.McpServer.Semantics.Tests", "tests\RavenDB.TestRunner.McpServer.Semantics.Tests\RavenDB.TestRunner.McpServer.Semantics.Tests.csproj", "{E51E1A72-7D69-467D-B781-0C505C3985B1}"
EndProject
Project("{FAE04EC0-301F-11D3-BF4B-00C04F79EFBC}") = "RavenDB.TestRunner.McpServer.Build", "src\RavenDB.TestRunner.McpServer.Build\RavenDB.TestRunner.McpServer.Build.csproj", "{8CB36CCA-045F-473F-BE44-60F62AFE8D2A}"
EndProject
Project("{FAE04EC0-301F-11D3-BF4B-00C04F79EFBC}") = "RavenDB.TestRunner.McpServer.Build.Tests", "tests\RavenDB.TestRunner.McpServer.Build.Tests\RavenDB.TestRunner.McpServer.Build.Tests.csproj", "{996E9217-3E0B-4306-BAE2-72B424C6D8FC}"
EndProject
Global
	GlobalSection(SolutionConfigurationPlatforms) = preSolution
		Debug|Any CPU = Debug|Any CPU
		Debug|x64 = Debug|x64
		Debug|x86 = Debug|x86
		Release|Any CPU = Release|Any CPU
		Release|x64 = Release|x64
		Release|x86 = Release|x86
	EndGlobalSection
	GlobalSection(ProjectConfigurationPlatforms) = postSolution
		{DC01E17B-C19E-4584-BEB1-D3DE74202686}.Debug|Any CPU.ActiveCfg = Debug|Any CPU
		{DC01E17B-C19E-4584-BEB1-D3DE74202686}.Debug|Any CPU.Build.0 = Debug|Any CPU
		{DC01E17B-C19E-4584-BEB1-D3DE74202686}.Debug|x64.ActiveCfg = Debug|Any CPU
		{DC01E17B-C19E-4584-BEB1-D3DE74202686}.Debug|x64.Build.0 = Debug|Any CPU
		{DC01E17B-C19E-4584-BEB1-D3DE74202686}.Debug|x86.ActiveCfg = Debug|Any CPU
		{DC01E17B-C19E-4584-BEB1-D3DE74202686}.Debug|x86.Build.0 = Debug|Any CPU
		{DC01E17B-C19E-4584-BEB1-D3DE74202686}.Release|Any CPU.ActiveCfg = Release|Any CPU
		{DC01E17B-C19E-4584-BEB1-D3DE74202686}.Release|Any CPU.Build.0 = Release|Any CPU
		{DC01E17B-C19E-4584-BEB1-D3DE74202686}.Release|x64.ActiveCfg = Release|Any CPU
		{DC01E17B-C19E-4584-BEB1-D3DE74202686}.Release|x64.Build.0 = Release|Any CPU
		{DC01E17B-C19E-4584-BEB1-D3DE74202686}.Release|x86.ActiveCfg = Release|Any CPU
		{DC01E17B-C19E-4584-BEB1-D3DE74202686}.Release|x86.Build.0 = Release|Any CPU
		{E45DEA48-B4F6-4609-84D9-3AC83FCA29F0}.Debug|Any CPU.ActiveCfg = Debug|Any CPU
		{E45DEA48-B4F6-4609-84D9-3AC83FCA29F0}.Debug|Any CPU.Build.0 = Debug|Any CPU
		{E45DEA48-B4F6-4609-84D9-3AC83FCA29F0}.Debug|x64.ActiveCfg = Debug|Any CPU
		{E45DEA48-B4F6-4609-84D9-3AC83FCA29F0}.Debug|x64.Build.0 = Debug|Any CPU
		{E45DEA48-B4F6-4609-84D9-3AC83FCA29F0}.Debug|x86.ActiveCfg = Debug|Any CPU
		{E45DEA48-B4F6-4609-84D9-3AC83FCA29F0}.Debug|x86.Build.0 = Debug|Any CPU
		{E45DEA48-B4F6-4609-84D9-3AC83FCA29F0}.Release|Any CPU.ActiveCfg = Release|Any CPU
		{E45DEA48-B4F6-4609-84D9-3AC83FCA29F0}.Release|Any CPU.Build.0 = Release|Any CPU
		{E45DEA48-B4F6-4609-84D9-3AC83FCA29F0}.Release|x64.ActiveCfg = Release|Any CPU
		{E45DEA48-B4F6-4609-84D9-3AC83FCA29F0}.Release|x64.Build.0 = Release|Any CPU
		{E45DEA48-B4F6-4609-84D9-3AC83FCA29F0}.Release|x86.ActiveCfg = Release|Any CPU
		{E45DEA48-B4F6-4609-84D9-3AC83FCA29F0}.Release|x86.Build.0 = Release|Any CPU
		{9F52A023-D5B8-4BD8-B640-E7F8B0DA0F62}.Debug|Any CPU.ActiveCfg = Debug|Any CPU
		{9F52A023-D5B8-4BD8-B640-E7F8B0DA0F62}.Debug|Any CPU.Build.0 = Debug|Any CPU
		{9F52A023-D5B8-4BD8-B640-E7F8B0DA0F62}.Debug|x64.ActiveCfg = Debug|Any CPU
		{9F52A023-D5B8-4BD8-B640-E7F8B0DA0F62}.Debug|x64.Build.0 = Debug|Any CPU
		{9F52A023-D5B8-4BD8-B640-E7F8B0DA0F62}.Debug|x86.ActiveCfg = Debug|Any CPU
		{9F52A023-D5B8-4BD8-B640-E7F8B0DA0F62}.Debug|x86.Build.0 = Debug|Any CPU
		{9F52A023-D5B8-4BD8-B640-E7F8B0DA0F62}.Release|Any CPU.ActiveCfg = Release|Any CPU
		{9F52A023-D5B8-4BD8-B640-E7F8B0DA0F62}.Release|Any CPU.Build.0 = Release|Any CPU
		{9F52A023-D5B8-4BD8-B640-E7F8B0DA0F62}.Release|x64.ActiveCfg = Release|Any CPU
		{9F52A023-D5B8-4BD8-B640-E7F8B0DA0F62}.Release|x64.Build.0 = Release|Any CPU
		{9F52A023-D5B8-4BD8-B640-E7F8B0DA0F62}.Release|x86.ActiveCfg = Release|Any CPU
		{9F52A023-D5B8-4BD8-B640-E7F8B0DA0F62}.Release|x86.Build.0 = Release|Any CPU
		{F3A2C2C2-06C2-4D16-8B06-A547D580C0A4}.Debug|Any CPU.ActiveCfg = Debug|Any CPU
		{F3A2C2C2-06C2-4D16-8B06-A547D580C0A4}.Debug|Any CPU.Build.0 = Debug|Any CPU
		{F3A2C2C2-06C2-4D16-8B06-A547D580C0A4}.Debug|x64.ActiveCfg = Debug|Any CPU
		{F3A2C2C2-06C2-4D16-8B06-A547D580C0A4}.Debug|x64.Build.0 = Debug|Any CPU
		{F3A2C2C2-06C2-4D16-8B06-A547D580C0A4}.Debug|x86.ActiveCfg = Debug|Any CPU
		{F3A2C2C2-06C2-4D16-8B06-A547D580C0A4}.Debug|x86.Build.0 = Debug|Any CPU
		{F3A2C2C2-06C2-4D16-8B06-A547D580C0A4}.Release|Any CPU.ActiveCfg = Release|Any CPU
		{F3A2C2C2-06C2-4D16-8B06-A547D580C0A4}.Release|Any CPU.Build.0 = Release|Any CPU
		{F3A2C2C2-06C2-4D16-8B06-A547D580C0A4}.Release|x64.ActiveCfg = Release|Any CPU
		{F3A2C2C2-06C2-4D16-8B06-A547D580C0A4}.Release|x64.Build.0 = Release|Any CPU
		{F3A2C2C2-06C2-4D16-8B06-A547D580C0A4}.Release|x86.ActiveCfg = Release|Any CPU
		{F3A2C2C2-06C2-4D16-8B06-A547D580C0A4}.Release|x86.Build.0 = Release|Any CPU
		{D72C79CB-5FB5-4F54-A845-2B0F9ADAF941}.Debug|Any CPU.ActiveCfg = Debug|Any CPU
		{D72C79CB-5FB5-4F54-A845-2B0F9ADAF941}.Debug|Any CPU.Build.0 = Debug|Any CPU
		{D72C79CB-5FB5-4F54-A845-2B0F9ADAF941}.Debug|x64.ActiveCfg = Debug|Any CPU
		{D72C79CB-5FB5-4F54-A845-2B0F9ADAF941}.Debug|x64.Build.0 = Debug|Any CPU
		{D72C79CB-5FB5-4F54-A845-2B0F9ADAF941}.Debug|x86.ActiveCfg = Debug|Any CPU
		{D72C79CB-5FB5-4F54-A845-2B0F9ADAF941}.Debug|x86.Build.0 = Debug|Any CPU
		{D72C79CB-5FB5-4F54-A845-2B0F9ADAF941}.Release|Any CPU.ActiveCfg = Release|Any CPU
		{D72C79CB-5FB5-4F54-A845-2B0F9ADAF941}.Release|Any CPU.Build.0 = Release|Any CPU
		{D72C79CB-5FB5-4F54-A845-2B0F9ADAF941}.Release|x64.ActiveCfg = Release|Any CPU
		{D72C79CB-5FB5-4F54-A845-2B0F9ADAF941}.Release|x64.Build.0 = Release|Any CPU
		{D72C79CB-5FB5-4F54-A845-2B0F9ADAF941}.Release|x86.ActiveCfg = Release|Any CPU
		{D72C79CB-5FB5-4F54-A845-2B0F9ADAF941}.Release|x86.Build.0 = Release|Any CPU
		{4F8D85D3-B1B4-4500-AD3E-B02845C21A6B}.Debug|Any CPU.ActiveCfg = Debug|Any CPU
		{4F8D85D3-B1B4-4500-AD3E-B02845C21A6B}.Debug|Any CPU.Build.0 = Debug|Any CPU
		{4F8D85D3-B1B4-4500-AD3E-B02845C21A6B}.Debug|x64.ActiveCfg = Debug|Any CPU
		{4F8D85D3-B1B4-4500-AD3E-B02845C21A6B}.Debug|x64.Build.0 = Debug|Any CPU
		{4F8D85D3-B1B4-4500-AD3E-B02845C21A6B}.Debug|x86.ActiveCfg = Debug|Any CPU
		{4F8D85D3-B1B4-4500-AD3E-B02845C21A6B}.Debug|x86.Build.0 = Debug|Any CPU
		{4F8D85D3-B1B4-4500-AD3E-B02845C21A6B}.Release|Any CPU.ActiveCfg = Release|Any CPU
		{4F8D85D3-B1B4-4500-AD3E-B02845C21A6B}.Release|Any CPU.Build.0 = Release|Any CPU
		{4F8D85D3-B1B4-4500-AD3E-B02845C21A6B}.Release|x64.ActiveCfg = Release|Any CPU
		{4F8D85D3-B1B4-4500-AD3E-B02845C21A6B}.Release|x64.Build.0 = Release|Any CPU
		{4F8D85D3-B1B4-4500-AD3E-B02845C21A6B}.Release|x86.ActiveCfg = Release|Any CPU
		{4F8D85D3-B1B4-4500-AD3E-B02845C21A6B}.Release|x86.Build.0 = Release|Any CPU
		{D91141E2-841E-4823-8DED-1B8BC92E193E}.Debug|Any CPU.ActiveCfg = Debug|Any CPU
		{D91141E2-841E-4823-8DED-1B8BC92E193E}.Debug|Any CPU.Build.0 = Debug|Any CPU
		{D91141E2-841E-4823-8DED-1B8BC92E193E}.Debug|x64.ActiveCfg = Debug|Any CPU
		{D91141E2-841E-4823-8DED-1B8BC92E193E}.Debug|x64.Build.0 = Debug|Any CPU
		{D91141E2-841E-4823-8DED-1B8BC92E193E}.Debug|x86.ActiveCfg = Debug|Any CPU
		{D91141E2-841E-4823-8DED-1B8BC92E193E}.Debug|x86.Build.0 = Debug|Any CPU
		{D91141E2-841E-4823-8DED-1B8BC92E193E}.Release|Any CPU.ActiveCfg = Release|Any CPU
		{D91141E2-841E-4823-8DED-1B8BC92E193E}.Release|Any CPU.Build.0 = Release|Any CPU
		{D91141E2-841E-4823-8DED-1B8BC92E193E}.Release|x64.ActiveCfg = Release|Any CPU
		{D91141E2-841E-4823-8DED-1B8BC92E193E}.Release|x64.Build.0 = Release|Any CPU
		{D91141E2-841E-4823-8DED-1B8BC92E193E}.Release|x86.ActiveCfg = Release|Any CPU
		{D91141E2-841E-4823-8DED-1B8BC92E193E}.Release|x86.Build.0 = Release|Any CPU
		{97978520-116A-4230-8826-AF16920A58F8}.Debug|Any CPU.ActiveCfg = Debug|Any CPU
		{97978520-116A-4230-8826-AF16920A58F8}.Debug|Any CPU.Build.0 = Debug|Any CPU
		{97978520-116A-4230-8826-AF16920A58F8}.Debug|x64.ActiveCfg = Debug|Any CPU
		{97978520-116A-4230-8826-AF16920A58F8}.Debug|x64.Build.0 = Debug|Any CPU
		{97978520-116A-4230-8826-AF16920A58F8}.Debug|x86.ActiveCfg = Debug|Any CPU
		{97978520-116A-4230-8826-AF16920A58F8}.Debug|x86.Build.0 = Debug|Any CPU
		{97978520-116A-4230-8826-AF16920A58F8}.Release|Any CPU.ActiveCfg = Release|Any CPU
		{97978520-116A-4230-8826-AF16920A58F8}.Release|Any CPU.Build.0 = Release|Any CPU
		{97978520-116A-4230-8826-AF16920A58F8}.Release|x64.ActiveCfg = Release|Any CPU
		{97978520-116A-4230-8826-AF16920A58F8}.Release|x64.Build.0 = Release|Any CPU
		{97978520-116A-4230-8826-AF16920A58F8}.Release|x86.ActiveCfg = Release|Any CPU
		{97978520-116A-4230-8826-AF16920A58F8}.Release|x86.Build.0 = Release|Any CPU
		{92329CE3-4EF6-46D1-A0EC-F9012A3FA7D0}.Debug|Any CPU.ActiveCfg = Debug|Any CPU
		{92329CE3-4EF6-46D1-A0EC-F9012A3FA7D0}.Debug|Any CPU.Build.0 = Debug|Any CPU
		{92329CE3-4EF6-46D1-A0EC-F9012A3FA7D0}.Debug|x64.ActiveCfg = Debug|Any CPU
		{92329CE3-4EF6-46D1-A0EC-F9012A3FA7D0}.Debug|x64.Build.0 = Debug|Any CPU
		{92329CE3-4EF6-46D1-A0EC-F9012A3FA7D0}.Debug|x86.ActiveCfg = Debug|Any CPU
		{92329CE3-4EF6-46D1-A0EC-F9012A3FA7D0}.Debug|x86.Build.0 = Debug|Any CPU
		{92329CE3-4EF6-46D1-A0EC-F9012A3FA7D0}.Release|Any CPU.ActiveCfg = Release|Any CPU
		{92329CE3-4EF6-46D1-A0EC-F9012A3FA7D0}.Release|Any CPU.Build.0 = Release|Any CPU
		{92329CE3-4EF6-46D1-A0EC-F9012A3FA7D0}.Release|x64.ActiveCfg = Release|Any CPU
		{92329CE3-4EF6-46D1-A0EC-F9012A3FA7D0}.Release|x64.Build.0 = Release|Any CPU
		{92329CE3-4EF6-46D1-A0EC-F9012A3FA7D0}.Release|x86.ActiveCfg = Release|Any CPU
		{92329CE3-4EF6-46D1-A0EC-F9012A3FA7D0}.Release|x86.Build.0 = Release|Any CPU
		{C978E019-7B5B-4950-9C75-FC2C1CF5E03E}.Debug|Any CPU.ActiveCfg = Debug|Any CPU
		{C978E019-7B5B-4950-9C75-FC2C1CF5E03E}.Debug|Any CPU.Build.0 = Debug|Any CPU
		{C978E019-7B5B-4950-9C75-FC2C1CF5E03E}.Debug|x64.ActiveCfg = Debug|Any CPU
		{C978E019-7B5B-4950-9C75-FC2C1CF5E03E}.Debug|x64.Build.0 = Debug|Any CPU
		{C978E019-7B5B-4950-9C75-FC2C1CF5E03E}.Debug|x86.ActiveCfg = Debug|Any CPU
		{C978E019-7B5B-4950-9C75-FC2C1CF5E03E}.Debug|x86.Build.0 = Debug|Any CPU
		{C978E019-7B5B-4950-9C75-FC2C1CF5E03E}.Release|Any CPU.ActiveCfg = Release|Any CPU
		{C978E019-7B5B-4950-9C75-FC2C1CF5E03E}.Release|Any CPU.Build.0 = Release|Any CPU
		{C978E019-7B5B-4950-9C75-FC2C1CF5E03E}.Release|x64.ActiveCfg = Release|Any CPU
		{C978E019-7B5B-4950-9C75-FC2C1CF5E03E}.Release|x64.Build.0 = Release|Any CPU
		{C978E019-7B5B-4950-9C75-FC2C1CF5E03E}.Release|x86.ActiveCfg = Release|Any CPU
		{C978E019-7B5B-4950-9C75-FC2C1CF5E03E}.Release|x86.Build.0 = Release|Any CPU
		{E51E1A72-7D69-467D-B781-0C505C3985B1}.Debug|Any CPU.ActiveCfg = Debug|Any CPU
		{E51E1A72-7D69-467D-B781-0C505C3985B1}.Debug|Any CPU.Build.0 = Debug|Any CPU
		{E51E1A72-7D69-467D-B781-0C505C3985B1}.Debug|x64.ActiveCfg = Debug|Any CPU
		{E51E1A72-7D69-467D-B781-0C505C3985B1}.Debug|x64.Build.0 = Debug|Any CPU
		{E51E1A72-7D69-467D-B781-0C505C3985B1}.Debug|x86.ActiveCfg = Debug|Any CPU
		{E51E1A72-7D69-467D-B781-0C505C3985B1}.Debug|x86.Build.0 = Debug|Any CPU
		{E51E1A72-7D69-467D-B781-0C505C3985B1}.Release|Any CPU.ActiveCfg = Release|Any CPU
		{E51E1A72-7D69-467D-B781-0C505C3985B1}.Release|Any CPU.Build.0 = Release|Any CPU
		{E51E1A72-7D69-467D-B781-0C505C3985B1}.Release|x64.ActiveCfg = Release|Any CPU
		{E51E1A72-7D69-467D-B781-0C505C3985B1}.Release|x64.Build.0 = Release|Any CPU
		{E51E1A72-7D69-467D-B781-0C505C3985B1}.Release|x86.ActiveCfg = Release|Any CPU
		{E51E1A72-7D69-467D-B781-0C505C3985B1}.Release|x86.Build.0 = Release|Any CPU
		{8CB36CCA-045F-473F-BE44-60F62AFE8D2A}.Debug|Any CPU.ActiveCfg = Debug|Any CPU
		{8CB36CCA-045F-473F-BE44-60F62AFE8D2A}.Debug|Any CPU.Build.0 = Debug|Any CPU
		{8CB36CCA-045F-473F-BE44-60F62AFE8D2A}.Debug|x64.ActiveCfg = Debug|Any CPU
		{8CB36CCA-045F-473F-BE44-60F62AFE8D2A}.Debug|x64.Build.0 = Debug|Any CPU
		{8CB36CCA-045F-473F-BE44-60F62AFE8D2A}.Debug|x86.ActiveCfg = Debug|Any CPU
		{8CB36CCA-045F-473F-BE44-60F62AFE8D2A}.Debug|x86.Build.0 = Debug|Any CPU
		{8CB36CCA-045F-473F-BE44-60F62AFE8D2A}.Release|Any CPU.ActiveCfg = Release|Any CPU
		{8CB36CCA-045F-473F-BE44-60F62AFE8D2A}.Release|Any CPU.Build.0 = Release|Any CPU
		{8CB36CCA-045F-473F-BE44-60F62AFE8D2A}.Release|x64.ActiveCfg = Release|Any CPU
		{8CB36CCA-045F-473F-BE44-60F62AFE8D2A}.Release|x64.Build.0 = Release|Any CPU
		{8CB36CCA-045F-473F-BE44-60F62AFE8D2A}.Release|x86.ActiveCfg = Release|Any CPU
		{8CB36CCA-045F-473F-BE44-60F62AFE8D2A}.Release|x86.Build.0 = Release|Any CPU
		{996E9217-3E0B-4306-BAE2-72B424C6D8FC}.Debug|Any CPU.ActiveCfg = Debug|Any CPU
		{996E9217-3E0B-4306-BAE2-72B424C6D8FC}.Debug|Any CPU.Build.0 = Debug|Any CPU
		{996E9217-3E0B-4306-BAE2-72B424C6D8FC}.Debug|x64.ActiveCfg = Debug|Any CPU
		{996E9217-3E0B-4306-BAE2-72B424C6D8FC}.Debug|x64.Build.0 = Debug|Any CPU
		{996E9217-3E0B-4306-BAE2-72B424C6D8FC}.Debug|x86.ActiveCfg = Debug|Any CPU
		{996E9217-3E0B-4306-BAE2-72B424C6D8FC}.Debug|x86.Build.0 = Debug|Any CPU
		{996E9217-3E0B-4306-BAE2-72B424C6D8FC}.Release|Any CPU.ActiveCfg = Release|Any CPU
		{996E9217-3E0B-4306-BAE2-72B424C6D8FC}.Release|Any CPU.Build.0 = Release|Any CPU
		{996E9217-3E0B-4306-BAE2-72B424C6D8FC}.Release|x64.ActiveCfg = Release|Any CPU
		{996E9217-3E0B-4306-BAE2-72B424C6D8FC}.Release|x64.Build.0 = Release|Any CPU
		{996E9217-3E0B-4306-BAE2-72B424C6D8FC}.Release|x86.ActiveCfg = Release|Any CPU
		{996E9217-3E0B-4306-BAE2-72B424C6D8FC}.Release|x86.Build.0 = Release|Any CPU
	EndGlobalSection
	GlobalSection(SolutionProperties) = preSolution
		HideSolutionNode = FALSE
	EndGlobalSection
	GlobalSection(NestedProjects) = preSolution
		{D91141E2-841E-4823-8DED-1B8BC92E193E} = {827E0CD3-B72D-47B6-A68D-7590B98EB39B}
		{97978520-116A-4230-8826-AF16920A58F8} = {827E0CD3-B72D-47B6-A68D-7590B98EB39B}
		{92329CE3-4EF6-46D1-A0EC-F9012A3FA7D0} = {827E0CD3-B72D-47B6-A68D-7590B98EB39B}
		{C978E019-7B5B-4950-9C75-FC2C1CF5E03E} = {827E0CD3-B72D-47B6-A68D-7590B98EB39B}
		{E51E1A72-7D69-467D-B781-0C505C3985B1} = {0AB3BF05-4346-4AA6-1389-037BE0695223}
		{8CB36CCA-045F-473F-BE44-60F62AFE8D2A} = {827E0CD3-B72D-47B6-A68D-7590B98EB39B}
		{996E9217-3E0B-4306-BAE2-72B424C6D8FC} = {0AB3BF05-4346-4AA6-1389-037BE0695223}
	EndGlobalSection
EndGlobal
